
Microsoft Visual Studio Solution File, Format Version 12.00
# Visual Studio Version 16
VisualStudioVersion = 16.0.810.16
MinimumVisualStudioVersion = 10.0.40219.1
Project("{FAE04EC0-301F-11D3-BF4B-00C04F79EFBC}") = "6.TriplesOfLatinLetters", "6.TriplesOfLatinLetters\6.TriplesOfLatinLetters.csproj", "{DF5A28C3-CBA5-4902-8C56-72099AC6FB7E}"
EndProject
Global
	GlobalSection(SolutionConfigurationPlatforms) = preSolution
		Debug|Any CPU = Debug|Any CPU
		Release|Any CPU = Release|Any CPU
	EndGlobalSection
	GlobalSection(ProjectConfigurationPlatforms) = postSolution
		{DF5A28C3-CBA5-4902-8C56-72099AC6FB7E}.Debug|Any CPU.ActiveCfg = Debug|Any CPU
		{DF5A28C3-CBA5-4902-8C56-72099AC6FB7E}.Debug|Any CPU.Build.0 = Debug|Any CPU
		{DF5A28C3-CBA5-4902-8C56-72099AC6FB7E}.Release|Any CPU.ActiveCfg = Release|Any CPU
		{DF5A28C3-CBA5-4902-8C56-72099AC6FB7E}.Release|Any CPU.Build.0 = Release|Any CPU
	EndGlobalSection
	GlobalSection(SolutionProperties) = preSolution
		HideSolutionNode = FALSE
	EndGlobalSection
	GlobalSection(ExtensibilityGlobals) = postSolution
		SolutionGuid = {E550968A-F3DF-4528-AC16-1C1BDECC642B}
	EndGlobalSection
EndGlobal
