
Microsoft Visual Studio Solution File, Format Version 12.00
# Visual Studio Version 16
VisualStudioVersion = 16.0.810.18
MinimumVisualStudioVersion = 10.0.40219.1
Project("{FAE04EC0-301F-11D3-BF4B-00C04F79EFBC}") = "1.SmallestOfThreeNumbers", "1.SmallestOfThreeNumbers\1.SmallestOfThreeNumbers.csproj", "{DEA3F966-906C-4493-AD99-0F1C56654EF2}"
EndProject
Global
	GlobalSection(SolutionConfigurationPlatforms) = preSolution
		Debug|Any CPU = Debug|Any CPU
		Release|Any CPU = Release|Any CPU
	EndGlobalSection
	GlobalSection(ProjectConfigurationPlatforms) = postSolution
		{DEA3F966-906C-4493-AD99-0F1C56654EF2}.Debug|Any CPU.ActiveCfg = Debug|Any CPU
		{DEA3F966-906C-4493-AD99-0F1C56654EF2}.Debug|Any CPU.Build.0 = Debug|Any CPU
		{DEA3F966-906C-4493-AD99-0F1C56654EF2}.Release|Any CPU.ActiveCfg = Release|Any CPU
		{DEA3F966-906C-4493-AD99-0F1C56654EF2}.Release|Any CPU.Build.0 = Release|Any CPU
	EndGlobalSection
	GlobalSection(SolutionProperties) = preSolution
		HideSolutionNode = FALSE
	EndGlobalSection
	GlobalSection(ExtensibilityGlobals) = postSolution
		SolutionGuid = {C3C3632D-39BE-4A32-8AF7-A70A336BA981}
	EndGlobalSection
EndGlobal
