
Microsoft Visual Studio Solution File, Format Version 12.00
# Visual Studio Version 16
VisualStudioVersion = 16.0.810.16
MinimumVisualStudioVersion = 10.0.40219.1
Project("{FAE04EC0-301F-11D3-BF4B-00C04F79EFBC}") = "cSharpExercices", "cSharpExercices\cSharpExercices.csproj", "{A1C51E87-EE4B-4402-ABF9-33A59C5BE77F}"
EndProject
Global
	GlobalSection(SolutionConfigurationPlatforms) = preSolution
		Debug|Any CPU = Debug|Any CPU
		Release|Any CPU = Release|Any CPU
	EndGlobalSection
	GlobalSection(ProjectConfigurationPlatforms) = postSolution
		{A1C51E87-EE4B-4402-ABF9-33A59C5BE77F}.Debug|Any CPU.ActiveCfg = Debug|Any CPU
		{A1C51E87-EE4B-4402-ABF9-33A59C5BE77F}.Debug|Any CPU.Build.0 = Debug|Any CPU
		{A1C51E87-EE4B-4402-ABF9-33A59C5BE77F}.Release|Any CPU.ActiveCfg = Release|Any CPU
		{A1C51E87-EE4B-4402-ABF9-33A59C5BE77F}.Release|Any CPU.Build.0 = Release|Any CPU
	EndGlobalSection
	GlobalSection(SolutionProperties) = preSolution
		HideSolutionNode = FALSE
	EndGlobalSection
	GlobalSection(ExtensibilityGlobals) = postSolution
		SolutionGuid = {8DD9DA8C-4604-43EB-A161-EE709B9BB2F3}
	EndGlobalSection
EndGlobal
