
Microsoft Visual Studio Solution File, Format Version 12.00
# Visual Studio Version 16
VisualStudioVersion = 16.0.810.16
MinimumVisualStudioVersion = 10.0.40219.1
Project("{FAE04EC0-301F-11D3-BF4B-00C04F79EFBC}") = "TriangleOfNumbers", "TriangleOfNumbers\TriangleOfNumbers.csproj", "{F8A40129-03F3-4C6F-A1B5-5BB7FB6398E9}"
EndProject
Global
	GlobalSection(SolutionConfigurationPlatforms) = preSolution
		Debug|Any CPU = Debug|Any CPU
		Release|Any CPU = Release|Any CPU
	EndGlobalSection
	GlobalSection(ProjectConfigurationPlatforms) = postSolution
		{F8A40129-03F3-4C6F-A1B5-5BB7FB6398E9}.Debug|Any CPU.ActiveCfg = Debug|Any CPU
		{F8A40129-03F3-4C6F-A1B5-5BB7FB6398E9}.Debug|Any CPU.Build.0 = Debug|Any CPU
		{F8A40129-03F3-4C6F-A1B5-5BB7FB6398E9}.Release|Any CPU.ActiveCfg = Release|Any CPU
		{F8A40129-03F3-4C6F-A1B5-5BB7FB6398E9}.Release|Any CPU.Build.0 = Release|Any CPU
	EndGlobalSection
	GlobalSection(SolutionProperties) = preSolution
		HideSolutionNode = FALSE
	EndGlobalSection
	GlobalSection(ExtensibilityGlobals) = postSolution
		SolutionGuid = {BECCF823-568B-4082-8944-598C2142E9D4}
	EndGlobalSection
EndGlobal
