
Microsoft Visual Studio Solution File, Format Version 12.00
# Visual Studio Version 16
VisualStudioVersion = 16.0.810.21
MinimumVisualStudioVersion = 10.0.40219.1
Project("{FAE04EC0-301F-11D3-BF4B-00C04F79EFBC}") = "5.SoftUniParking", "5.SoftUniParking\5.SoftUniParking.csproj", "{438CF216-1608-4A1F-8042-C39D9479BB7C}"
EndProject
Global
	GlobalSection(SolutionConfigurationPlatforms) = preSolution
		Debug|Any CPU = Debug|Any CPU
		Release|Any CPU = Release|Any CPU
	EndGlobalSection
	GlobalSection(ProjectConfigurationPlatforms) = postSolution
		{438CF216-1608-4A1F-8042-C39D9479BB7C}.Debug|Any CPU.ActiveCfg = Debug|Any CPU
		{438CF216-1608-4A1F-8042-C39D9479BB7C}.Debug|Any CPU.Build.0 = Debug|Any CPU
		{438CF216-1608-4A1F-8042-C39D9479BB7C}.Release|Any CPU.ActiveCfg = Release|Any CPU
		{438CF216-1608-4A1F-8042-C39D9479BB7C}.Release|Any CPU.Build.0 = Release|Any CPU
	EndGlobalSection
	GlobalSection(SolutionProperties) = preSolution
		HideSolutionNode = FALSE
	EndGlobalSection
	GlobalSection(ExtensibilityGlobals) = postSolution
		SolutionGuid = {0461A954-C336-40BC-8206-4CA35474985A}
	EndGlobalSection
EndGlobal
