
Microsoft Visual Studio Solution File, Format Version 12.00
# Visual Studio Version 16
VisualStudioVersion = 16.0.810.18
MinimumVisualStudioVersion = 10.0.40219.1
Project("{FAE04EC0-301F-11D3-BF4B-00C04F79EFBC}") = "5.Students2.0", "5.Students2.0\5.Students2.0.csproj", "{49CEEDA6-BFB1-493C-B1D9-6A760C52DEBA}"
EndProject
Global
	GlobalSection(SolutionConfigurationPlatforms) = preSolution
		Debug|Any CPU = Debug|Any CPU
		Release|Any CPU = Release|Any CPU
	EndGlobalSection
	GlobalSection(ProjectConfigurationPlatforms) = postSolution
		{49CEEDA6-BFB1-493C-B1D9-6A760C52DEBA}.Debug|Any CPU.ActiveCfg = Debug|Any CPU
		{49CEEDA6-BFB1-493C-B1D9-6A760C52DEBA}.Debug|Any CPU.Build.0 = Debug|Any CPU
		{49CEEDA6-BFB1-493C-B1D9-6A760C52DEBA}.Release|Any CPU.ActiveCfg = Release|Any CPU
		{49CEEDA6-BFB1-493C-B1D9-6A760C52DEBA}.Release|Any CPU.Build.0 = Release|Any CPU
	EndGlobalSection
	GlobalSection(SolutionProperties) = preSolution
		HideSolutionNode = FALSE
	EndGlobalSection
	GlobalSection(ExtensibilityGlobals) = postSolution
		SolutionGuid = {A41A7159-63EB-4949-ADB8-66941B44D963}
	EndGlobalSection
EndGlobal
