
Microsoft Visual Studio Solution File, Format Version 12.00
# Visual Studio Version 16
VisualStudioVersion = 16.0.810.16
MinimumVisualStudioVersion = 10.0.40219.1
Project("{FAE04EC0-301F-11D3-BF4B-00C04F79EFBC}") = "1.Train", "1.Train\1.Train.csproj", "{C01C3B63-B03F-4DC1-B512-1ED4AE196519}"
EndProject
Global
	GlobalSection(SolutionConfigurationPlatforms) = preSolution
		Debug|Any CPU = Debug|Any CPU
		Release|Any CPU = Release|Any CPU
	EndGlobalSection
	GlobalSection(ProjectConfigurationPlatforms) = postSolution
		{C01C3B63-B03F-4DC1-B512-1ED4AE196519}.Debug|Any CPU.ActiveCfg = Debug|Any CPU
		{C01C3B63-B03F-4DC1-B512-1ED4AE196519}.Debug|Any CPU.Build.0 = Debug|Any CPU
		{C01C3B63-B03F-4DC1-B512-1ED4AE196519}.Release|Any CPU.ActiveCfg = Release|Any CPU
		{C01C3B63-B03F-4DC1-B512-1ED4AE196519}.Release|Any CPU.Build.0 = Release|Any CPU
	EndGlobalSection
	GlobalSection(SolutionProperties) = preSolution
		HideSolutionNode = FALSE
	EndGlobalSection
	GlobalSection(ExtensibilityGlobals) = postSolution
		SolutionGuid = {FD07DE47-3D9D-41EC-9C1F-6C74CA78AD25}
	EndGlobalSection
EndGlobal
