
Microsoft Visual Studio Solution File, Format Version 12.00
# Visual Studio Version 16
VisualStudioVersion = 16.0.810.17
MinimumVisualStudioVersion = 10.0.40219.1
Project("{FAE04EC0-301F-11D3-BF4B-00C04F79EFBC}") = "2.PascalTriangle", "2.PascalTriangle\2.PascalTriangle.csproj", "{3781351C-4F09-4837-85E8-E3D72EDE835E}"
EndProject
Global
	GlobalSection(SolutionConfigurationPlatforms) = preSolution
		Debug|Any CPU = Debug|Any CPU
		Release|Any CPU = Release|Any CPU
	EndGlobalSection
	GlobalSection(ProjectConfigurationPlatforms) = postSolution
		{3781351C-4F09-4837-85E8-E3D72EDE835E}.Debug|Any CPU.ActiveCfg = Debug|Any CPU
		{3781351C-4F09-4837-85E8-E3D72EDE835E}.Debug|Any CPU.Build.0 = Debug|Any CPU
		{3781351C-4F09-4837-85E8-E3D72EDE835E}.Release|Any CPU.ActiveCfg = Release|Any CPU
		{3781351C-4F09-4837-85E8-E3D72EDE835E}.Release|Any CPU.Build.0 = Release|Any CPU
	EndGlobalSection
	GlobalSection(SolutionProperties) = preSolution
		HideSolutionNode = FALSE
	EndGlobalSection
	GlobalSection(ExtensibilityGlobals) = postSolution
		SolutionGuid = {AA17E16C-B019-4B32-BF44-D8506BA5E333}
	EndGlobalSection
EndGlobal
