
Microsoft Visual Studio Solution File, Format Version 12.00
# Visual Studio Version 16
VisualStudioVersion = 16.0.810.20
MinimumVisualStudioVersion = 10.0.40219.1
Project("{FAE04EC0-301F-11D3-BF4B-00C04F79EFBC}") = "4.WordFilter", "4.WordFilter\4.WordFilter.csproj", "{430E7AB9-16E8-4895-9D64-83CF14CFEECA}"
EndProject
Global
	GlobalSection(SolutionConfigurationPlatforms) = preSolution
		Debug|Any CPU = Debug|Any CPU
		Release|Any CPU = Release|Any CPU
	EndGlobalSection
	GlobalSection(ProjectConfigurationPlatforms) = postSolution
		{430E7AB9-16E8-4895-9D64-83CF14CFEECA}.Debug|Any CPU.ActiveCfg = Debug|Any CPU
		{430E7AB9-16E8-4895-9D64-83CF14CFEECA}.Debug|Any CPU.Build.0 = Debug|Any CPU
		{430E7AB9-16E8-4895-9D64-83CF14CFEECA}.Release|Any CPU.ActiveCfg = Release|Any CPU
		{430E7AB9-16E8-4895-9D64-83CF14CFEECA}.Release|Any CPU.Build.0 = Release|Any CPU
	EndGlobalSection
	GlobalSection(SolutionProperties) = preSolution
		HideSolutionNode = FALSE
	EndGlobalSection
	GlobalSection(ExtensibilityGlobals) = postSolution
		SolutionGuid = {B0BA5F15-50B8-40BB-B816-B743508A17E8}
	EndGlobalSection
EndGlobal
