
Microsoft Visual Studio Solution File, Format Version 12.00
# Visual Studio Version 16
VisualStudioVersion = 16.0.810.16
MinimumVisualStudioVersion = 10.0.40219.1
Project("{FAE04EC0-301F-11D3-BF4B-00C04F79EFBC}") = "1.DataTypeFinder", "1.DataTypeFinder.csproj", "{2F047200-F060-4D80-8E2C-7191FBA0FE7F}"
EndProject
Global
	GlobalSection(SolutionConfigurationPlatforms) = preSolution
		Debug|Any CPU = Debug|Any CPU
		Release|Any CPU = Release|Any CPU
	EndGlobalSection
	GlobalSection(ProjectConfigurationPlatforms) = postSolution
		{2F047200-F060-4D80-8E2C-7191FBA0FE7F}.Debug|Any CPU.ActiveCfg = Debug|Any CPU
		{2F047200-F060-4D80-8E2C-7191FBA0FE7F}.Debug|Any CPU.Build.0 = Debug|Any CPU
		{2F047200-F060-4D80-8E2C-7191FBA0FE7F}.Release|Any CPU.ActiveCfg = Release|Any CPU
		{2F047200-F060-4D80-8E2C-7191FBA0FE7F}.Release|Any CPU.Build.0 = Release|Any CPU
	EndGlobalSection
	GlobalSection(SolutionProperties) = preSolution
		HideSolutionNode = FALSE
	EndGlobalSection
	GlobalSection(ExtensibilityGlobals) = postSolution
		SolutionGuid = {6452232C-B42E-47F8-A3DE-EBFE68F748BE}
	EndGlobalSection
EndGlobal
