
Microsoft Visual Studio Solution File, Format Version 12.00
# Visual Studio Version 16
VisualStudioVersion = 16.0.810.16
MinimumVisualStudioVersion = 10.0.40219.1
Project("{FAE04EC0-301F-11D3-BF4B-00C04F79EFBC}") = "8.BeerKegs", "8.BeerKegs\8.BeerKegs.csproj", "{B7BF58B4-2032-4883-BF15-A0CBACCF31BF}"
EndProject
Global
	GlobalSection(SolutionConfigurationPlatforms) = preSolution
		Debug|Any CPU = Debug|Any CPU
		Release|Any CPU = Release|Any CPU
	EndGlobalSection
	GlobalSection(ProjectConfigurationPlatforms) = postSolution
		{B7BF58B4-2032-4883-BF15-A0CBACCF31BF}.Debug|Any CPU.ActiveCfg = Debug|Any CPU
		{B7BF58B4-2032-4883-BF15-A0CBACCF31BF}.Debug|Any CPU.Build.0 = Debug|Any CPU
		{B7BF58B4-2032-4883-BF15-A0CBACCF31BF}.Release|Any CPU.ActiveCfg = Release|Any CPU
		{B7BF58B4-2032-4883-BF15-A0CBACCF31BF}.Release|Any CPU.Build.0 = Release|Any CPU
	EndGlobalSection
	GlobalSection(SolutionProperties) = preSolution
		HideSolutionNode = FALSE
	EndGlobalSection
	GlobalSection(ExtensibilityGlobals) = postSolution
		SolutionGuid = {D09C9592-4553-4B06-8F28-A089D19775AB}
	EndGlobalSection
EndGlobal
