
Microsoft Visual Studio Solution File, Format Version 12.00
# Visual Studio Version 16
VisualStudioVersion = 16.0.810.16
MinimumVisualStudioVersion = 10.0.40219.1
Project("{FAE04EC0-301F-11D3-BF4B-00C04F79EFBC}") = "10.PokeMon", "10.PokeMon\10.PokeMon.csproj", "{BA9ADCF4-9145-48FF-83B1-139DAB2956FF}"
EndProject
Global
	GlobalSection(SolutionConfigurationPlatforms) = preSolution
		Debug|Any CPU = Debug|Any CPU
		Release|Any CPU = Release|Any CPU
	EndGlobalSection
	GlobalSection(ProjectConfigurationPlatforms) = postSolution
		{BA9ADCF4-9145-48FF-83B1-139DAB2956FF}.Debug|Any CPU.ActiveCfg = Debug|Any CPU
		{BA9ADCF4-9145-48FF-83B1-139DAB2956FF}.Debug|Any CPU.Build.0 = Debug|Any CPU
		{BA9ADCF4-9145-48FF-83B1-139DAB2956FF}.Release|Any CPU.ActiveCfg = Release|Any CPU
		{BA9ADCF4-9145-48FF-83B1-139DAB2956FF}.Release|Any CPU.Build.0 = Release|Any CPU
	EndGlobalSection
	GlobalSection(SolutionProperties) = preSolution
		HideSolutionNode = FALSE
	EndGlobalSection
	GlobalSection(ExtensibilityGlobals) = postSolution
		SolutionGuid = {46FCF390-9329-4DC4-9165-F17FCAFFEC36}
	EndGlobalSection
EndGlobal
