
Microsoft Visual Studio Solution File, Format Version 12.00
# Visual Studio Version 16
VisualStudioVersion = 16.0.810.21
MinimumVisualStudioVersion = 10.0.40219.1
Project("{FAE04EC0-301F-11D3-BF4B-00C04F79EFBC}") = "1.MatchFullName", "1.MatchFullName\1.MatchFullName.csproj", "{10D81F10-5370-446E-B8FA-DCFD9A925F73}"
EndProject
Project("{FAE04EC0-301F-11D3-BF4B-00C04F79EFBC}") = "2.MatchPhoneNumber", "2.MatchPhoneNumber\2.MatchPhoneNumber.csproj", "{DB7E97DA-9AB7-4B50-9327-8E43BD66220F}"
EndProject
Project("{FAE04EC0-301F-11D3-BF4B-00C04F79EFBC}") = "3.MatchDates", "3.MatchDates\3.MatchDates.csproj", "{5BFFAC73-ECAA-426D-99FF-450D7904884F}"
EndProject
Global
	GlobalSection(SolutionConfigurationPlatforms) = preSolution
		Debug|Any CPU = Debug|Any CPU
		Release|Any CPU = Release|Any CPU
	EndGlobalSection
	GlobalSection(ProjectConfigurationPlatforms) = postSolution
		{10D81F10-5370-446E-B8FA-DCFD9A925F73}.Debug|Any CPU.ActiveCfg = Debug|Any CPU
		{10D81F10-5370-446E-B8FA-DCFD9A925F73}.Debug|Any CPU.Build.0 = Debug|Any CPU
		{10D81F10-5370-446E-B8FA-DCFD9A925F73}.Release|Any CPU.ActiveCfg = Release|Any CPU
		{10D81F10-5370-446E-B8FA-DCFD9A925F73}.Release|Any CPU.Build.0 = Release|Any CPU
		{DB7E97DA-9AB7-4B50-9327-8E43BD66220F}.Debug|Any CPU.ActiveCfg = Debug|Any CPU
		{DB7E97DA-9AB7-4B50-9327-8E43BD66220F}.Debug|Any CPU.Build.0 = Debug|Any CPU
		{DB7E97DA-9AB7-4B50-9327-8E43BD66220F}.Release|Any CPU.ActiveCfg = Release|Any CPU
		{DB7E97DA-9AB7-4B50-9327-8E43BD66220F}.Release|Any CPU.Build.0 = Release|Any CPU
		{5BFFAC73-ECAA-426D-99FF-450D7904884F}.Debug|Any CPU.ActiveCfg = Debug|Any CPU
		{5BFFAC73-ECAA-426D-99FF-450D7904884F}.Debug|Any CPU.Build.0 = Debug|Any CPU
		{5BFFAC73-ECAA-426D-99FF-450D7904884F}.Release|Any CPU.ActiveCfg = Release|Any CPU
		{5BFFAC73-ECAA-426D-99FF-450D7904884F}.Release|Any CPU.Build.0 = Release|Any CPU
	EndGlobalSection
	GlobalSection(SolutionProperties) = preSolution
		HideSolutionNode = FALSE
	EndGlobalSection
	GlobalSection(ExtensibilityGlobals) = postSolution
		SolutionGuid = {8606FA32-5E35-4F7D-9D2B-55F980D70C8A}
	EndGlobalSection
EndGlobal
