
Microsoft Visual Studio Solution File, Format Version 12.00
# Visual Studio Version 16
VisualStudioVersion = 16.0.810.20
MinimumVisualStudioVersion = 10.0.40219.1
Project("{FAE04EC0-301F-11D3-BF4B-00C04F79EFBC}") = "3.LegendaryFarming", "3.LegendaryFarming\3.LegendaryFarming.csproj", "{46085383-C78F-4508-92FE-3FD9295C2EDE}"
EndProject
Global
	GlobalSection(SolutionConfigurationPlatforms) = preSolution
		Debug|Any CPU = Debug|Any CPU
		Release|Any CPU = Release|Any CPU
	EndGlobalSection
	GlobalSection(ProjectConfigurationPlatforms) = postSolution
		{46085383-C78F-4508-92FE-3FD9295C2EDE}.Debug|Any CPU.ActiveCfg = Debug|Any CPU
		{46085383-C78F-4508-92FE-3FD9295C2EDE}.Debug|Any CPU.Build.0 = Debug|Any CPU
		{46085383-C78F-4508-92FE-3FD9295C2EDE}.Release|Any CPU.ActiveCfg = Release|Any CPU
		{46085383-C78F-4508-92FE-3FD9295C2EDE}.Release|Any CPU.Build.0 = Release|Any CPU
	EndGlobalSection
	GlobalSection(SolutionProperties) = preSolution
		HideSolutionNode = FALSE
	EndGlobalSection
	GlobalSection(ExtensibilityGlobals) = postSolution
		SolutionGuid = {68E58AC9-0DA3-46FC-888D-0BA48EBE040F}
	EndGlobalSection
EndGlobal
