
Microsoft Visual Studio Solution File, Format Version 12.00
# Visual Studio Version 16
VisualStudioVersion = 16.0.810.18
MinimumVisualStudioVersion = 10.0.40219.1
Project("{FAE04EC0-301F-11D3-BF4B-00C04F79EFBC}") = "6.StoreBoxes", "6.StoreBoxes\6.StoreBoxes.csproj", "{49C471A4-B877-452F-9A8E-F7B33122932F}"
EndProject
Global
	GlobalSection(SolutionConfigurationPlatforms) = preSolution
		Debug|Any CPU = Debug|Any CPU
		Release|Any CPU = Release|Any CPU
	EndGlobalSection
	GlobalSection(ProjectConfigurationPlatforms) = postSolution
		{49C471A4-B877-452F-9A8E-F7B33122932F}.Debug|Any CPU.ActiveCfg = Debug|Any CPU
		{49C471A4-B877-452F-9A8E-F7B33122932F}.Debug|Any CPU.Build.0 = Debug|Any CPU
		{49C471A4-B877-452F-9A8E-F7B33122932F}.Release|Any CPU.ActiveCfg = Release|Any CPU
		{49C471A4-B877-452F-9A8E-F7B33122932F}.Release|Any CPU.Build.0 = Release|Any CPU
	EndGlobalSection
	GlobalSection(SolutionProperties) = preSolution
		HideSolutionNode = FALSE
	EndGlobalSection
	GlobalSection(ExtensibilityGlobals) = postSolution
		SolutionGuid = {44372ED4-9FEB-4028-BDF7-9AC5E70E3D27}
	EndGlobalSection
EndGlobal
