
Microsoft Visual Studio Solution File, Format Version 12.00
# Visual Studio Version 16
VisualStudioVersion = 16.0.810.17
MinimumVisualStudioVersion = 10.0.40219.1
Project("{FAE04EC0-301F-11D3-BF4B-00C04F79EFBC}") = "7.RepeatString", "7.RepeatString\7.RepeatString.csproj", "{67170521-3BFA-494E-A0AC-F7C0F0B57C22}"
EndProject
Global
	GlobalSection(SolutionConfigurationPlatforms) = preSolution
		Debug|Any CPU = Debug|Any CPU
		Release|Any CPU = Release|Any CPU
	EndGlobalSection
	GlobalSection(ProjectConfigurationPlatforms) = postSolution
		{67170521-3BFA-494E-A0AC-F7C0F0B57C22}.Debug|Any CPU.ActiveCfg = Debug|Any CPU
		{67170521-3BFA-494E-A0AC-F7C0F0B57C22}.Debug|Any CPU.Build.0 = Debug|Any CPU
		{67170521-3BFA-494E-A0AC-F7C0F0B57C22}.Release|Any CPU.ActiveCfg = Release|Any CPU
		{67170521-3BFA-494E-A0AC-F7C0F0B57C22}.Release|Any CPU.Build.0 = Release|Any CPU
	EndGlobalSection
	GlobalSection(SolutionProperties) = preSolution
		HideSolutionNode = FALSE
	EndGlobalSection
	GlobalSection(ExtensibilityGlobals) = postSolution
		SolutionGuid = {80A3D412-9E5A-41E6-B2EA-C1B1B5747285}
	EndGlobalSection
EndGlobal
