
Microsoft Visual Studio Solution File, Format Version 12.00
# Visual Studio Version 16
VisualStudioVersion = 16.0.810.16
MinimumVisualStudioVersion = 10.0.40219.1
Project("{FAE04EC0-301F-11D3-BF4B-00C04F79EFBC}") = "StudentInformation", "StudentInformation\StudentInformation.csproj", "{94FFFB18-2F68-4ABE-A72F-63781FB632C9}"
EndProject
Global
	GlobalSection(SolutionConfigurationPlatforms) = preSolution
		Debug|Any CPU = Debug|Any CPU
		Release|Any CPU = Release|Any CPU
	EndGlobalSection
	GlobalSection(ProjectConfigurationPlatforms) = postSolution
		{94FFFB18-2F68-4ABE-A72F-63781FB632C9}.Debug|Any CPU.ActiveCfg = Debug|Any CPU
		{94FFFB18-2F68-4ABE-A72F-63781FB632C9}.Debug|Any CPU.Build.0 = Debug|Any CPU
		{94FFFB18-2F68-4ABE-A72F-63781FB632C9}.Release|Any CPU.ActiveCfg = Release|Any CPU
		{94FFFB18-2F68-4ABE-A72F-63781FB632C9}.Release|Any CPU.Build.0 = Release|Any CPU
	EndGlobalSection
	GlobalSection(SolutionProperties) = preSolution
		HideSolutionNode = FALSE
	EndGlobalSection
	GlobalSection(ExtensibilityGlobals) = postSolution
		SolutionGuid = {7E770D20-EB09-4B30-954D-88298576E3EE}
	EndGlobalSection
EndGlobal
