
Microsoft Visual Studio Solution File, Format Version 12.00
# Visual Studio Version 16
VisualStudioVersion = 16.0.810.16
MinimumVisualStudioVersion = 10.0.40219.1
Project("{FAE04EC0-301F-11D3-BF4B-00C04F79EFBC}") = "8.TownInfor", "8.TownInfor\8.TownInfor.csproj", "{EBF59564-A5F9-4C4A-B4CF-AC5CCFF86BAE}"
EndProject
Global
	GlobalSection(SolutionConfigurationPlatforms) = preSolution
		Debug|Any CPU = Debug|Any CPU
		Release|Any CPU = Release|Any CPU
	EndGlobalSection
	GlobalSection(ProjectConfigurationPlatforms) = postSolution
		{EBF59564-A5F9-4C4A-B4CF-AC5CCFF86BAE}.Debug|Any CPU.ActiveCfg = Debug|Any CPU
		{EBF59564-A5F9-4C4A-B4CF-AC5CCFF86BAE}.Debug|Any CPU.Build.0 = Debug|Any CPU
		{EBF59564-A5F9-4C4A-B4CF-AC5CCFF86BAE}.Release|Any CPU.ActiveCfg = Release|Any CPU
		{EBF59564-A5F9-4C4A-B4CF-AC5CCFF86BAE}.Release|Any CPU.Build.0 = Release|Any CPU
	EndGlobalSection
	GlobalSection(SolutionProperties) = preSolution
		HideSolutionNode = FALSE
	EndGlobalSection
	GlobalSection(ExtensibilityGlobals) = postSolution
		SolutionGuid = {FD311AAC-39F4-459F-AF7E-93853BD6635E}
	EndGlobalSection
EndGlobal
