
Microsoft Visual Studio Solution File, Format Version 12.00
# Visual Studio Version 16
VisualStudioVersion = 16.0.810.18
MinimumVisualStudioVersion = 10.0.40219.1
Project("{FAE04EC0-301F-11D3-BF4B-00C04F79EFBC}") = "8.FactorialDivision", "8.FactorialDivision\8.FactorialDivision.csproj", "{89709130-05A2-4088-ACF0-3B50149B968C}"
EndProject
Global
	GlobalSection(SolutionConfigurationPlatforms) = preSolution
		Debug|Any CPU = Debug|Any CPU
		Release|Any CPU = Release|Any CPU
	EndGlobalSection
	GlobalSection(ProjectConfigurationPlatforms) = postSolution
		{89709130-05A2-4088-ACF0-3B50149B968C}.Debug|Any CPU.ActiveCfg = Debug|Any CPU
		{89709130-05A2-4088-ACF0-3B50149B968C}.Debug|Any CPU.Build.0 = Debug|Any CPU
		{89709130-05A2-4088-ACF0-3B50149B968C}.Release|Any CPU.ActiveCfg = Release|Any CPU
		{89709130-05A2-4088-ACF0-3B50149B968C}.Release|Any CPU.Build.0 = Release|Any CPU
	EndGlobalSection
	GlobalSection(SolutionProperties) = preSolution
		HideSolutionNode = FALSE
	EndGlobalSection
	GlobalSection(ExtensibilityGlobals) = postSolution
		SolutionGuid = {E629E1CE-C651-45AF-B83A-766501DFE64B}
	EndGlobalSection
EndGlobal
