
Microsoft Visual Studio Solution File, Format Version 12.00
# Visual Studio Version 16
VisualStudioVersion = 16.0.810.18
MinimumVisualStudioVersion = 10.0.40219.1
Project("{FAE04EC0-301F-11D3-BF4B-00C04F79EFBC}") = "1.RandomizeWords", "1.RandomizeWords\1.RandomizeWords.csproj", "{1666A70A-F90F-4EFF-AC6E-ED3CDD159114}"
EndProject
Global
	GlobalSection(SolutionConfigurationPlatforms) = preSolution
		Debug|Any CPU = Debug|Any CPU
		Release|Any CPU = Release|Any CPU
	EndGlobalSection
	GlobalSection(ProjectConfigurationPlatforms) = postSolution
		{1666A70A-F90F-4EFF-AC6E-ED3CDD159114}.Debug|Any CPU.ActiveCfg = Debug|Any CPU
		{1666A70A-F90F-4EFF-AC6E-ED3CDD159114}.Debug|Any CPU.Build.0 = Debug|Any CPU
		{1666A70A-F90F-4EFF-AC6E-ED3CDD159114}.Release|Any CPU.ActiveCfg = Release|Any CPU
		{1666A70A-F90F-4EFF-AC6E-ED3CDD159114}.Release|Any CPU.Build.0 = Release|Any CPU
	EndGlobalSection
	GlobalSection(SolutionProperties) = preSolution
		HideSolutionNode = FALSE
	EndGlobalSection
	GlobalSection(ExtensibilityGlobals) = postSolution
		SolutionGuid = {B819489C-0450-4223-8D1C-6F963AD6EAA4}
	EndGlobalSection
EndGlobal
