
Microsoft Visual Studio Solution File, Format Version 12.00
# Visual Studio Version 16
VisualStudioVersion = 16.0.810.18
MinimumVisualStudioVersion = 10.0.40219.1
Project("{FAE04EC0-301F-11D3-BF4B-00C04F79EFBC}") = "5.AddAndSubtract", "5.AddAndSubtract\5.AddAndSubtract.csproj", "{2F880675-8102-4D59-9E9A-E7F52FEFADCA}"
EndProject
Global
	GlobalSection(SolutionConfigurationPlatforms) = preSolution
		Debug|Any CPU = Debug|Any CPU
		Release|Any CPU = Release|Any CPU
	EndGlobalSection
	GlobalSection(ProjectConfigurationPlatforms) = postSolution
		{2F880675-8102-4D59-9E9A-E7F52FEFADCA}.Debug|Any CPU.ActiveCfg = Debug|Any CPU
		{2F880675-8102-4D59-9E9A-E7F52FEFADCA}.Debug|Any CPU.Build.0 = Debug|Any CPU
		{2F880675-8102-4D59-9E9A-E7F52FEFADCA}.Release|Any CPU.ActiveCfg = Release|Any CPU
		{2F880675-8102-4D59-9E9A-E7F52FEFADCA}.Release|Any CPU.Build.0 = Release|Any CPU
	EndGlobalSection
	GlobalSection(SolutionProperties) = preSolution
		HideSolutionNode = FALSE
	EndGlobalSection
	GlobalSection(ExtensibilityGlobals) = postSolution
		SolutionGuid = {74E31B6F-613C-40E1-A1AF-456F45B99D13}
	EndGlobalSection
EndGlobal
