
Microsoft Visual Studio Solution File, Format Version 12.00
# Visual Studio Version 16
VisualStudioVersion = 16.0.810.17
MinimumVisualStudioVersion = 10.0.40219.1
Project("{FAE04EC0-301F-11D3-BF4B-00C04F79EFBC}") = "10.MultiplyEvenByOdd", "10.MultiplyEvenByOdd\10.MultiplyEvenByOdd.csproj", "{75B1C2C0-3603-487B-B7BF-C013167264BC}"
EndProject
Global
	GlobalSection(SolutionConfigurationPlatforms) = preSolution
		Debug|Any CPU = Debug|Any CPU
		Release|Any CPU = Release|Any CPU
	EndGlobalSection
	GlobalSection(ProjectConfigurationPlatforms) = postSolution
		{75B1C2C0-3603-487B-B7BF-C013167264BC}.Debug|Any CPU.ActiveCfg = Debug|Any CPU
		{75B1C2C0-3603-487B-B7BF-C013167264BC}.Debug|Any CPU.Build.0 = Debug|Any CPU
		{75B1C2C0-3603-487B-B7BF-C013167264BC}.Release|Any CPU.ActiveCfg = Release|Any CPU
		{75B1C2C0-3603-487B-B7BF-C013167264BC}.Release|Any CPU.Build.0 = Release|Any CPU
	EndGlobalSection
	GlobalSection(SolutionProperties) = preSolution
		HideSolutionNode = FALSE
	EndGlobalSection
	GlobalSection(ExtensibilityGlobals) = postSolution
		SolutionGuid = {845160AC-D997-4CE1-81D5-1E3537EA73A6}
	EndGlobalSection
EndGlobal
